
Microsoft Visual Studio Solution File, Format Version 12.00
# Visual Studio Version 17
VisualStudioVersion = 17.4.33213.308
MinimumVisualStudioVersion = 10.0.40219.1
Project("{9A19103F-16F7-4668-BE54-9A1E7A4F7556}") = "Wisej.Web.Ext.DevExtreme.Contrib", "Wisej.Web.Ext.DevExtreme.Contrib\Wisej.Web.Ext.DevExtreme.Contrib.csproj", "{0A6A113B-8DEE-4DD1-996B-BE40ACEC138D}"
EndProject
Project("{FAE04EC0-301F-11D3-BF4B-00C04F79EFBC}") = "Wisej.Web.Ext.DevExtreme.Contrib.Test", "Wisej.Web.Ext.DevExtreme.Contrib.Test\Wisej.Web.Ext.DevExtreme.Contrib.Test.csproj", "{2B691B23-965D-4A6D-918A-2758FFB0C794}"
EndProject
Global
	GlobalSection(SolutionConfigurationPlatforms) = preSolution
		Debug|Any CPU = Debug|Any CPU
		Release|Any CPU = Release|Any CPU
	EndGlobalSection
	GlobalSection(ProjectConfigurationPlatforms) = postSolution
		{0A6A113B-8DEE-4DD1-996B-BE40ACEC138D}.Debug|Any CPU.ActiveCfg = Debug|Any CPU
		{0A6A113B-8DEE-4DD1-996B-BE40ACEC138D}.Debug|Any CPU.Build.0 = Debug|Any CPU
		{0A6A113B-8DEE-4DD1-996B-BE40ACEC138D}.Release|Any CPU.ActiveCfg = Release|Any CPU
		{0A6A113B-8DEE-4DD1-996B-BE40ACEC138D}.Release|Any CPU.Build.0 = Release|Any CPU
		{2B691B23-965D-4A6D-918A-2758FFB0C794}.Debug|Any CPU.ActiveCfg = Debug|Any CPU
		{2B691B23-965D-4A6D-918A-2758FFB0C794}.Debug|Any CPU.Build.0 = Debug|Any CPU
		{2B691B23-965D-4A6D-918A-2758FFB0C794}.Release|Any CPU.ActiveCfg = Release|Any CPU
		{2B691B23-965D-4A6D-918A-2758FFB0C794}.Release|Any CPU.Build.0 = Release|Any CPU
	EndGlobalSection
	GlobalSection(SolutionProperties) = preSolution
		HideSolutionNode = FALSE
	EndGlobalSection
	GlobalSection(ExtensibilityGlobals) = postSolution
		SolutionGuid = {403941C8-A5AD-41CE-954F-8EF448744788}
	EndGlobalSection
EndGlobal
